
Microsoft Visual Studio Solution File, Format Version 12.00
# Visual Studio Version 17
VisualStudioVersion = 17.2.32630.192
MinimumVisualStudioVersion = 10.0.40219.1
Project("{FAE04EC0-301F-11D3-BF4B-00C04F79EFBC}") = "SpicyInvaders", "SpicyInvaders\SpicyInvaders.csproj", "{C82C1F6E-576B-4DFF-93CA-066A3842BF94}"
EndProject
Global
	GlobalSection(SolutionConfigurationPlatforms) = preSolution
		Debug|Any CPU = Debug|Any CPU
		Release|Any CPU = Release|Any CPU
	EndGlobalSection
	GlobalSection(ProjectConfigurationPlatforms) = postSolution
		{C82C1F6E-576B-4DFF-93CA-066A3842BF94}.Debug|Any CPU.ActiveCfg = Debug|Any CPU
		{C82C1F6E-576B-4DFF-93CA-066A3842BF94}.Debug|Any CPU.Build.0 = Debug|Any CPU
		{C82C1F6E-576B-4DFF-93CA-066A3842BF94}.Release|Any CPU.ActiveCfg = Release|Any CPU
		{C82C1F6E-576B-4DFF-93CA-066A3842BF94}.Release|Any CPU.Build.0 = Release|Any CPU
	EndGlobalSection
	GlobalSection(SolutionProperties) = preSolution
		HideSolutionNode = FALSE
	EndGlobalSection
	GlobalSection(ExtensibilityGlobals) = postSolution
		SolutionGuid = {6832FC7B-7AB8-49EA-8431-96B88E613228}
	EndGlobalSection
EndGlobal
